%{"calliope": {:hex, :calliope, "0.3.0"},
  "cowboy": {:hex, :cowboy, "1.0.0"},
  "cowlib": {:hex, :cowlib, "1.0.1"},
  "decimal": {:hex, :decimal, "1.1.0"},
  "earmark": {:hex, :earmark, "0.1.15"},
  "ecto": {:hex, :ecto, "0.10.2"},
  "fs": {:hex, :fs, "0.9.2"},
  "phoenix": {:git, "git://github.com/hayesgm/phoenix.git", "66f9843eca199a75827b5983eebc3d9dca873a34", []},
  "phoenix_ecto": {:hex, :phoenix_ecto, "0.3.2"},
  "phoenix_haml": {:git, "git://github.com/chrismccord/phoenix_haml.git", "fa237f444e4dbff605165424ec367f0d7960f00c", []},
  "phoenix_html": {:hex, :phoenix_html, "1.0.0"},
  "phoenix_live_reload": {:hex, :phoenix_live_reload, "0.3.3"},
  "plug": {:hex, :plug, "0.12.2"},
  "plug_auth": {:hex, :plug_auth, "0.0.3"},
  "plug_basic_auth": {:git, "git://github.com/rbishop/plug_basic_auth.git", "2fbc4d5b1614c9afd1bbed9dcee85c9b5cd642ac", []},
  "poison": {:hex, :poison, "1.4.0"},
  "poolboy": {:hex, :poolboy, "1.5.1"},
  "postgrex": {:hex, :postgrex, "0.8.1"},
  "ranch": {:hex, :ranch, "1.0.0"},
  "timex": {:hex, :timex, "0.13.4"}}
